
Microsoft Visual Studio Solution File, Format Version 12.00
# Visual Studio Version 17
VisualStudioVersion = 17.7.34018.315
MinimumVisualStudioVersion = 10.0.40219.1
Project("{FAE04EC0-301F-11D3-BF4B-00C04F79EFBC}") = "Reddit", "Reddit\Reddit.csproj", "{84C3A958-F0BE-46B7-8955-2ACD68852993}"
EndProject
Project("{FAE04EC0-301F-11D3-BF4B-00C04F79EFBC}") = "RedditAPI", "RedditAPI\RedditAPI.csproj", "{499EE5C7-6F69-43EF-B36F-4B3FFAC7CAB9}"
EndProject
Project("{FAE04EC0-301F-11D3-BF4B-00C04F79EFBC}") = "RedditDomain", "RedditDomain\RedditDomain.csproj", "{E1C2BEBA-150F-4D0D-AD2A-A1C6DBCFB77E}"
EndProject
Global
	GlobalSection(SolutionConfigurationPlatforms) = preSolution
		Debug|Any CPU = Debug|Any CPU
		Release|Any CPU = Release|Any CPU
	EndGlobalSection
	GlobalSection(ProjectConfigurationPlatforms) = postSolution
		{84C3A958-F0BE-46B7-8955-2ACD68852993}.Debug|Any CPU.ActiveCfg = Debug|Any CPU
		{84C3A958-F0BE-46B7-8955-2ACD68852993}.Debug|Any CPU.Build.0 = Debug|Any CPU
		{84C3A958-F0BE-46B7-8955-2ACD68852993}.Release|Any CPU.ActiveCfg = Release|Any CPU
		{84C3A958-F0BE-46B7-8955-2ACD68852993}.Release|Any CPU.Build.0 = Release|Any CPU
		{499EE5C7-6F69-43EF-B36F-4B3FFAC7CAB9}.Debug|Any CPU.ActiveCfg = Debug|Any CPU
		{499EE5C7-6F69-43EF-B36F-4B3FFAC7CAB9}.Debug|Any CPU.Build.0 = Debug|Any CPU
		{499EE5C7-6F69-43EF-B36F-4B3FFAC7CAB9}.Release|Any CPU.ActiveCfg = Release|Any CPU
		{499EE5C7-6F69-43EF-B36F-4B3FFAC7CAB9}.Release|Any CPU.Build.0 = Release|Any CPU
		{E1C2BEBA-150F-4D0D-AD2A-A1C6DBCFB77E}.Debug|Any CPU.ActiveCfg = Debug|Any CPU
		{E1C2BEBA-150F-4D0D-AD2A-A1C6DBCFB77E}.Debug|Any CPU.Build.0 = Debug|Any CPU
		{E1C2BEBA-150F-4D0D-AD2A-A1C6DBCFB77E}.Release|Any CPU.ActiveCfg = Release|Any CPU
		{E1C2BEBA-150F-4D0D-AD2A-A1C6DBCFB77E}.Release|Any CPU.Build.0 = Release|Any CPU
	EndGlobalSection
	GlobalSection(SolutionProperties) = preSolution
		HideSolutionNode = FALSE
	EndGlobalSection
	GlobalSection(ExtensibilityGlobals) = postSolution
		SolutionGuid = {4D6D9B53-5601-4FA6-B30A-243937F6DC02}
	EndGlobalSection
EndGlobal
